
Microsoft Visual Studio Solution File, Format Version 12.00
# Visual Studio Version 17
VisualStudioVersion = 17.7.34031.279
MinimumVisualStudioVersion = 10.0.40219.1
Project("{FAE04EC0-301F-11D3-BF4B-00C04F79EFBC}") = "TelegramBotTextRecognit", "TelegramBotTextRecognit\TelegramBotTextRecognit.csproj", "{27298F96-500E-4FC8-8754-49F6DC730E46}"
EndProject
Global
	GlobalSection(SolutionConfigurationPlatforms) = preSolution
		Debug|Any CPU = Debug|Any CPU
		Release|Any CPU = Release|Any CPU
	EndGlobalSection
	GlobalSection(ProjectConfigurationPlatforms) = postSolution
		{27298F96-500E-4FC8-8754-49F6DC730E46}.Debug|Any CPU.ActiveCfg = Debug|Any CPU
		{27298F96-500E-4FC8-8754-49F6DC730E46}.Debug|Any CPU.Build.0 = Debug|Any CPU
		{27298F96-500E-4FC8-8754-49F6DC730E46}.Release|Any CPU.ActiveCfg = Release|Any CPU
		{27298F96-500E-4FC8-8754-49F6DC730E46}.Release|Any CPU.Build.0 = Release|Any CPU
	EndGlobalSection
	GlobalSection(SolutionProperties) = preSolution
		HideSolutionNode = FALSE
	EndGlobalSection
	GlobalSection(ExtensibilityGlobals) = postSolution
		SolutionGuid = {495E495B-4B35-406A-8283-61FC77E197AF}
	EndGlobalSection
EndGlobal
